
Microsoft Visual Studio Solution File, Format Version 12.00
# Visual Studio 15
VisualStudioVersion = 15.0.26124.0
MinimumVisualStudioVersion = 15.0.26124.0
Project("{FAE04EC0-301F-11D3-BF4B-00C04F79EFBC}") = "repositorypattern.data", "repositorypattern.data\repositorypattern.data.csproj", "{B4341383-4F4B-411F-A85C-36B9C72124FF}"
EndProject
Project("{FAE04EC0-301F-11D3-BF4B-00C04F79EFBC}") = "repositoryPattern.Entities", "repositoryPattern.Entities\repositoryPattern.Entities.csproj", "{6B934933-4A1F-4CA1-B735-004B46EAA6A9}"
EndProject
Project("{FAE04EC0-301F-11D3-BF4B-00C04F79EFBC}") = "repositorypattern.business", "repositorypattern.business\repositorypattern.business.csproj", "{84DD2777-1477-4C70-BD1E-285ED327488E}"
EndProject
Project("{FAE04EC0-301F-11D3-BF4B-00C04F79EFBC}") = "repositorypattern.repository", "repositorypattern.repository\repositorypattern.repository.csproj", "{C4275D67-2DA6-4C80-BAA4-06E3F5ECF4AA}"
EndProject
Project("{FAE04EC0-301F-11D3-BF4B-00C04F79EFBC}") = "repositoryPattern.Api", "repositoryPattern.Api\repositoryPattern.Api.csproj", "{24ACB01D-A46E-480B-811D-0A8DB9FD01E7}"
EndProject
Global
	GlobalSection(SolutionConfigurationPlatforms) = preSolution
		Debug|Any CPU = Debug|Any CPU
		Debug|x64 = Debug|x64
		Debug|x86 = Debug|x86
		Release|Any CPU = Release|Any CPU
		Release|x64 = Release|x64
		Release|x86 = Release|x86
	EndGlobalSection
	GlobalSection(SolutionProperties) = preSolution
		HideSolutionNode = FALSE
	EndGlobalSection
	GlobalSection(ProjectConfigurationPlatforms) = postSolution
		{B4341383-4F4B-411F-A85C-36B9C72124FF}.Debug|Any CPU.ActiveCfg = Debug|Any CPU
		{B4341383-4F4B-411F-A85C-36B9C72124FF}.Debug|Any CPU.Build.0 = Debug|Any CPU
		{B4341383-4F4B-411F-A85C-36B9C72124FF}.Debug|x64.ActiveCfg = Debug|Any CPU
		{B4341383-4F4B-411F-A85C-36B9C72124FF}.Debug|x64.Build.0 = Debug|Any CPU
		{B4341383-4F4B-411F-A85C-36B9C72124FF}.Debug|x86.ActiveCfg = Debug|Any CPU
		{B4341383-4F4B-411F-A85C-36B9C72124FF}.Debug|x86.Build.0 = Debug|Any CPU
		{B4341383-4F4B-411F-A85C-36B9C72124FF}.Release|Any CPU.ActiveCfg = Release|Any CPU
		{B4341383-4F4B-411F-A85C-36B9C72124FF}.Release|Any CPU.Build.0 = Release|Any CPU
		{B4341383-4F4B-411F-A85C-36B9C72124FF}.Release|x64.ActiveCfg = Release|Any CPU
		{B4341383-4F4B-411F-A85C-36B9C72124FF}.Release|x64.Build.0 = Release|Any CPU
		{B4341383-4F4B-411F-A85C-36B9C72124FF}.Release|x86.ActiveCfg = Release|Any CPU
		{B4341383-4F4B-411F-A85C-36B9C72124FF}.Release|x86.Build.0 = Release|Any CPU
		{6B934933-4A1F-4CA1-B735-004B46EAA6A9}.Debug|Any CPU.ActiveCfg = Debug|Any CPU
		{6B934933-4A1F-4CA1-B735-004B46EAA6A9}.Debug|Any CPU.Build.0 = Debug|Any CPU
		{6B934933-4A1F-4CA1-B735-004B46EAA6A9}.Debug|x64.ActiveCfg = Debug|Any CPU
		{6B934933-4A1F-4CA1-B735-004B46EAA6A9}.Debug|x64.Build.0 = Debug|Any CPU
		{6B934933-4A1F-4CA1-B735-004B46EAA6A9}.Debug|x86.ActiveCfg = Debug|Any CPU
		{6B934933-4A1F-4CA1-B735-004B46EAA6A9}.Debug|x86.Build.0 = Debug|Any CPU
		{6B934933-4A1F-4CA1-B735-004B46EAA6A9}.Release|Any CPU.ActiveCfg = Release|Any CPU
		{6B934933-4A1F-4CA1-B735-004B46EAA6A9}.Release|Any CPU.Build.0 = Release|Any CPU
		{6B934933-4A1F-4CA1-B735-004B46EAA6A9}.Release|x64.ActiveCfg = Release|Any CPU
		{6B934933-4A1F-4CA1-B735-004B46EAA6A9}.Release|x64.Build.0 = Release|Any CPU
		{6B934933-4A1F-4CA1-B735-004B46EAA6A9}.Release|x86.ActiveCfg = Release|Any CPU
		{6B934933-4A1F-4CA1-B735-004B46EAA6A9}.Release|x86.Build.0 = Release|Any CPU
		{84DD2777-1477-4C70-BD1E-285ED327488E}.Debug|Any CPU.ActiveCfg = Debug|Any CPU
		{84DD2777-1477-4C70-BD1E-285ED327488E}.Debug|Any CPU.Build.0 = Debug|Any CPU
		{84DD2777-1477-4C70-BD1E-285ED327488E}.Debug|x64.ActiveCfg = Debug|Any CPU
		{84DD2777-1477-4C70-BD1E-285ED327488E}.Debug|x64.Build.0 = Debug|Any CPU
		{84DD2777-1477-4C70-BD1E-285ED327488E}.Debug|x86.ActiveCfg = Debug|Any CPU
		{84DD2777-1477-4C70-BD1E-285ED327488E}.Debug|x86.Build.0 = Debug|Any CPU
		{84DD2777-1477-4C70-BD1E-285ED327488E}.Release|Any CPU.ActiveCfg = Release|Any CPU
		{84DD2777-1477-4C70-BD1E-285ED327488E}.Release|Any CPU.Build.0 = Release|Any CPU
		{84DD2777-1477-4C70-BD1E-285ED327488E}.Release|x64.ActiveCfg = Release|Any CPU
		{84DD2777-1477-4C70-BD1E-285ED327488E}.Release|x64.Build.0 = Release|Any CPU
		{84DD2777-1477-4C70-BD1E-285ED327488E}.Release|x86.ActiveCfg = Release|Any CPU
		{84DD2777-1477-4C70-BD1E-285ED327488E}.Release|x86.Build.0 = Release|Any CPU
		{C4275D67-2DA6-4C80-BAA4-06E3F5ECF4AA}.Debug|Any CPU.ActiveCfg = Debug|Any CPU
		{C4275D67-2DA6-4C80-BAA4-06E3F5ECF4AA}.Debug|Any CPU.Build.0 = Debug|Any CPU
		{C4275D67-2DA6-4C80-BAA4-06E3F5ECF4AA}.Debug|x64.ActiveCfg = Debug|Any CPU
		{C4275D67-2DA6-4C80-BAA4-06E3F5ECF4AA}.Debug|x64.Build.0 = Debug|Any CPU
		{C4275D67-2DA6-4C80-BAA4-06E3F5ECF4AA}.Debug|x86.ActiveCfg = Debug|Any CPU
		{C4275D67-2DA6-4C80-BAA4-06E3F5ECF4AA}.Debug|x86.Build.0 = Debug|Any CPU
		{C4275D67-2DA6-4C80-BAA4-06E3F5ECF4AA}.Release|Any CPU.ActiveCfg = Release|Any CPU
		{C4275D67-2DA6-4C80-BAA4-06E3F5ECF4AA}.Release|Any CPU.Build.0 = Release|Any CPU
		{C4275D67-2DA6-4C80-BAA4-06E3F5ECF4AA}.Release|x64.ActiveCfg = Release|Any CPU
		{C4275D67-2DA6-4C80-BAA4-06E3F5ECF4AA}.Release|x64.Build.0 = Release|Any CPU
		{C4275D67-2DA6-4C80-BAA4-06E3F5ECF4AA}.Release|x86.ActiveCfg = Release|Any CPU
		{C4275D67-2DA6-4C80-BAA4-06E3F5ECF4AA}.Release|x86.Build.0 = Release|Any CPU
		{B37A9A0B-39B4-43D2-B870-B667249CB225}.Debug|Any CPU.ActiveCfg = Debug|Any CPU
		{B37A9A0B-39B4-43D2-B870-B667249CB225}.Debug|Any CPU.Build.0 = Debug|Any CPU
		{B37A9A0B-39B4-43D2-B870-B667249CB225}.Debug|x64.ActiveCfg = Debug|Any CPU
		{B37A9A0B-39B4-43D2-B870-B667249CB225}.Debug|x64.Build.0 = Debug|Any CPU
		{B37A9A0B-39B4-43D2-B870-B667249CB225}.Debug|x86.ActiveCfg = Debug|Any CPU
		{B37A9A0B-39B4-43D2-B870-B667249CB225}.Debug|x86.Build.0 = Debug|Any CPU
		{B37A9A0B-39B4-43D2-B870-B667249CB225}.Release|Any CPU.ActiveCfg = Release|Any CPU
		{B37A9A0B-39B4-43D2-B870-B667249CB225}.Release|Any CPU.Build.0 = Release|Any CPU
		{B37A9A0B-39B4-43D2-B870-B667249CB225}.Release|x64.ActiveCfg = Release|Any CPU
		{B37A9A0B-39B4-43D2-B870-B667249CB225}.Release|x64.Build.0 = Release|Any CPU
		{B37A9A0B-39B4-43D2-B870-B667249CB225}.Release|x86.ActiveCfg = Release|Any CPU
		{B37A9A0B-39B4-43D2-B870-B667249CB225}.Release|x86.Build.0 = Release|Any CPU
		{24ACB01D-A46E-480B-811D-0A8DB9FD01E7}.Debug|Any CPU.ActiveCfg = Debug|Any CPU
		{24ACB01D-A46E-480B-811D-0A8DB9FD01E7}.Debug|Any CPU.Build.0 = Debug|Any CPU
		{24ACB01D-A46E-480B-811D-0A8DB9FD01E7}.Debug|x64.ActiveCfg = Debug|Any CPU
		{24ACB01D-A46E-480B-811D-0A8DB9FD01E7}.Debug|x64.Build.0 = Debug|Any CPU
		{24ACB01D-A46E-480B-811D-0A8DB9FD01E7}.Debug|x86.ActiveCfg = Debug|Any CPU
		{24ACB01D-A46E-480B-811D-0A8DB9FD01E7}.Debug|x86.Build.0 = Debug|Any CPU
		{24ACB01D-A46E-480B-811D-0A8DB9FD01E7}.Release|Any CPU.ActiveCfg = Release|Any CPU
		{24ACB01D-A46E-480B-811D-0A8DB9FD01E7}.Release|Any CPU.Build.0 = Release|Any CPU
		{24ACB01D-A46E-480B-811D-0A8DB9FD01E7}.Release|x64.ActiveCfg = Release|Any CPU
		{24ACB01D-A46E-480B-811D-0A8DB9FD01E7}.Release|x64.Build.0 = Release|Any CPU
		{24ACB01D-A46E-480B-811D-0A8DB9FD01E7}.Release|x86.ActiveCfg = Release|Any CPU
		{24ACB01D-A46E-480B-811D-0A8DB9FD01E7}.Release|x86.Build.0 = Release|Any CPU
	EndGlobalSection
EndGlobal
